
Microsoft Visual Studio Solution File, Format Version 12.00
# Visual Studio 15
VisualStudioVersion = 15.0.26730.8
MinimumVisualStudioVersion = 10.0.40219.1
Project("{FAE04EC0-301F-11D3-BF4B-00C04F79EFBC}") = "D3WPF", "D3WPF\D3WPF.csproj", "{F7675185-A510-468F-88A0-3726A66B13BD}"
EndProject
Project("{FAE04EC0-301F-11D3-BF4B-00C04F79EFBC}") = "D3Core", "D3Core\D3Core.csproj", "{F074D60D-9079-4A50-B75C-653DB118D499}"
EndProject
Project("{FAE04EC0-301F-11D3-BF4B-00C04F79EFBC}") = "D3Console", "D3Console\D3Console.csproj", "{9393E6D5-29B8-489D-AA85-09D02BF222A1}"
EndProject
Global
	GlobalSection(SolutionConfigurationPlatforms) = preSolution
		Debug|Any CPU = Debug|Any CPU
		Debug|x86 = Debug|x86
		Release|Any CPU = Release|Any CPU
		Release|x86 = Release|x86
	EndGlobalSection
	GlobalSection(ProjectConfigurationPlatforms) = postSolution
		{F7675185-A510-468F-88A0-3726A66B13BD}.Debug|Any CPU.ActiveCfg = Debug|x86
		{F7675185-A510-468F-88A0-3726A66B13BD}.Debug|x86.ActiveCfg = Debug|x86
		{F7675185-A510-468F-88A0-3726A66B13BD}.Debug|x86.Build.0 = Debug|x86
		{F7675185-A510-468F-88A0-3726A66B13BD}.Release|Any CPU.ActiveCfg = Release|x86
		{F7675185-A510-468F-88A0-3726A66B13BD}.Release|x86.ActiveCfg = Release|x86
		{F7675185-A510-468F-88A0-3726A66B13BD}.Release|x86.Build.0 = Release|x86
		{F074D60D-9079-4A50-B75C-653DB118D499}.Debug|Any CPU.ActiveCfg = Debug|Any CPU
		{F074D60D-9079-4A50-B75C-653DB118D499}.Debug|Any CPU.Build.0 = Debug|Any CPU
		{F074D60D-9079-4A50-B75C-653DB118D499}.Debug|x86.ActiveCfg = Debug|Any CPU
		{F074D60D-9079-4A50-B75C-653DB118D499}.Debug|x86.Build.0 = Debug|Any CPU
		{F074D60D-9079-4A50-B75C-653DB118D499}.Release|Any CPU.ActiveCfg = Release|Any CPU
		{F074D60D-9079-4A50-B75C-653DB118D499}.Release|Any CPU.Build.0 = Release|Any CPU
		{F074D60D-9079-4A50-B75C-653DB118D499}.Release|x86.ActiveCfg = Release|Any CPU
		{F074D60D-9079-4A50-B75C-653DB118D499}.Release|x86.Build.0 = Release|Any CPU
		{9393E6D5-29B8-489D-AA85-09D02BF222A1}.Debug|Any CPU.ActiveCfg = Debug|Any CPU
		{9393E6D5-29B8-489D-AA85-09D02BF222A1}.Debug|Any CPU.Build.0 = Debug|Any CPU
		{9393E6D5-29B8-489D-AA85-09D02BF222A1}.Debug|x86.ActiveCfg = Debug|Any CPU
		{9393E6D5-29B8-489D-AA85-09D02BF222A1}.Debug|x86.Build.0 = Debug|Any CPU
		{9393E6D5-29B8-489D-AA85-09D02BF222A1}.Release|Any CPU.ActiveCfg = Release|Any CPU
		{9393E6D5-29B8-489D-AA85-09D02BF222A1}.Release|Any CPU.Build.0 = Release|Any CPU
		{9393E6D5-29B8-489D-AA85-09D02BF222A1}.Release|x86.ActiveCfg = Release|Any CPU
		{9393E6D5-29B8-489D-AA85-09D02BF222A1}.Release|x86.Build.0 = Release|Any CPU
	EndGlobalSection
	GlobalSection(SolutionProperties) = preSolution
		HideSolutionNode = FALSE
	EndGlobalSection
	GlobalSection(ExtensibilityGlobals) = postSolution
		SolutionGuid = {540F9F87-E1E8-4921-B65E-93597C828F8A}
	EndGlobalSection
EndGlobal
